// !$*UTF8*$!
{
	archiveVersion = 1;
	classes = {
	};
	objectVersion = 46;
	objects = {

/* Begin PBXBuildFile section */
		A73DA0D71C3DF2170086B03A /* AppDelegate.swift in Sources */ = {isa = PBXBuildFile; fileRef = A73DA0D61C3DF2170086B03A /* AppDelegate.swift */; };
		A73DA0DC1C3DF2170086B03A /* Main.storyboard in Resources */ = {isa = PBXBuildFile; fileRef = A73DA0DA1C3DF2170086B03A /* Main.storyboard */; };
		A73DA0DE1C3DF2170086B03A /* Assets.xcassets in Resources */ = {isa = PBXBuildFile; fileRef = A73DA0DD1C3DF2170086B03A /* Assets.xcassets */; };
		A73DA0E11C3DF2170086B03A /* LaunchScreen.storyboard in Resources */ = {isa = PBXBuildFile; fileRef = A73DA0DF1C3DF2170086B03A /* LaunchScreen.storyboard */; };
		A73DA0EB1C3DF2910086B03A /* MoviesViewController.swift in Sources */ = {isa = PBXBuildFile; fileRef = A73DA0EA1C3DF2910086B03A /* MoviesViewController.swift */; };
		A7C80E831C40D54C0031B970 /* MovieCell.swift in Sources */ = {isa = PBXBuildFile; fileRef = A7C80E821C40D54C0031B970 /* MovieCell.swift */; };
		CAE0F674B17F85221C767D06 /* Pods_MovieViewer.framework in Frameworks */ = {isa = PBXBuildFile; fileRef = 3013852423F61A2393A27AAF /* Pods_MovieViewer.framework */; };
/* End PBXBuildFile section */

/* Begin PBXFileReference section */
		2F839CD6C5BF0AE02A427E0B /* Pods-MovieViewer.debug.xcconfig */ = {isa = PBXFileReference; includeInIndex = 1; lastKnownFileType = text.xcconfig; name = "Pods-MovieViewer.debug.xcconfig"; path = "Pods/Target Support Files/Pods-MovieViewer/Pods-MovieViewer.debug.xcconfig"; sourceTree = "<group>"; };
		3013852423F61A2393A27AAF /* Pods_MovieViewer.framework */ = {isa = PBXFileReference; explicitFileType = wrapper.framework; includeInIndex = 0; path = Pods_MovieViewer.framework; sourceTree = BUILT_PRODUCTS_DIR; };
		714B35B1F838F2AE759A60F0 /* Pods-MovieViewer.release.xcconfig */ = {isa = PBXFileReference; includeInIndex = 1; lastKnownFileType = text.xcconfig; name = "Pods-MovieViewer.release.xcconfig"; path = "Pods/Target Support Files/Pods-MovieViewer/Pods-MovieViewer.release.xcconfig"; sourceTree = "<group>"; };
		A73DA0D31C3DF2170086B03A /* MovieViewer.app */ = {isa = PBXFileReference; explicitFileType = wrapper.application; includeInIndex = 0; path = MovieViewer.app; sourceTree = BUILT_PRODUCTS_DIR; };
		A73DA0D61C3DF2170086B03A /* AppDelegate.swift */ = {isa = PBXFileReference; lastKnownFileType = sourcecode.swift; path = AppDelegate.swift; sourceTree = "<group>"; };
		A73DA0DB1C3DF2170086B03A /* Base */ = {isa = PBXFileReference; lastKnownFileType = file.storyboard; name = Base; path = Base.lproj/Main.storyboard; sourceTree = "<group>"; };
		A73DA0DD1C3DF2170086B03A /* Assets.xcassets */ = {isa = PBXFileReference; lastKnownFileType = folder.assetcatalog; path = Assets.xcassets; sourceTree = "<group>"; };
		A73DA0E01C3DF2170086B03A /* Base */ = {isa = PBXFileReference; lastKnownFileType = file.storyboard; name = Base; path = Base.lproj/LaunchScreen.storyboard; sourceTree = "<group>"; };
		A73DA0E21C3DF2170086B03A /* Info.plist */ = {isa = PBXFileReference; lastKnownFileType = text.plist.xml; path = Info.plist; sourceTree = "<group>"; };
		A73DA0EA1C3DF2910086B03A /* MoviesViewController.swift */ = {isa = PBXFileReference; fileEncoding = 4; lastKnownFileType = sourcecode.swift; path = MoviesViewController.swift; sourceTree = "<group>"; };
		A7C80E821C40D54C0031B970 /* MovieCell.swift */ = {isa = PBXFileReference; fileEncoding = 4; lastKnownFileType = sourcecode.swift; path = MovieCell.swift; sourceTree = "<group>"; };
/* End PBXFileReference section */

/* Begin PBXFrameworksBuildPhase section */
		A73DA0D01C3DF2170086B03A /* Frameworks */ = {
			isa = PBXFrameworksBuildPhase;
			buildActionMask = 2147483647;
			files = (
				CAE0F674B17F85221C767D06 /* Pods_MovieViewer.framework in Frameworks */,
			);
			runOnlyForDeploymentPostprocessing = 0;
		};
/* End PBXFrameworksBuildPhase section */

/* Begin PBXGroup section */
		1733B66189967DA19962BFE5 /* Frameworks */ = {
			isa = PBXGroup;
			children = (
				3013852423F61A2393A27AAF /* Pods_MovieViewer.framework */,
			);
			name = Frameworks;
			sourceTree = "<group>";
		};
		573EF1C919D20FA3E9BC1333 /* Pods */ = {
			isa = PBXGroup;
			children = (
				2F839CD6C5BF0AE02A427E0B /* Pods-MovieViewer.debug.xcconfig */,
				714B35B1F838F2AE759A60F0 /* Pods-MovieViewer.release.xcconfig */,
			);
			name = Pods;
			sourceTree = "<group>";
		};
		A73DA0CA1C3DF2170086B03A = {
			isa = PBXGroup;
			children = (
				A73DA0D51C3DF2170086B03A /* MovieViewer */,
				A73DA0D41C3DF2170086B03A /* Products */,
				573EF1C919D20FA3E9BC1333 /* Pods */,
				1733B66189967DA19962BFE5 /* Frameworks */,
			);
			sourceTree = "<group>";
		};
		A73DA0D41C3DF2170086B03A /* Products */ = {
			isa = PBXGroup;
			children = (
				A73DA0D31C3DF2170086B03A /* MovieViewer.app */,
			);
			name = Products;
			sourceTree = "<group>";
		};
		A73DA0D51C3DF2170086B03A /* MovieViewer */ = {
			isa = PBXGroup;
			children = (
				A7C80E841C40D55A0031B970 /* View Controller */,
				A7C80E811C40D5100031B970 /* Views */,
				A73DA0D61C3DF2170086B03A /* AppDelegate.swift */,
				A73DA0DA1C3DF2170086B03A /* Main.storyboard */,
				A73DA0DD1C3DF2170086B03A /* Assets.xcassets */,
				A73DA0DF1C3DF2170086B03A /* LaunchScreen.storyboard */,
				A73DA0E21C3DF2170086B03A /* Info.plist */,
			);
			path = MovieViewer;
			sourceTree = "<group>";
		};
		A7C80E811C40D5100031B970 /* Views */ = {
			isa = PBXGroup;
			children = (
				A7C80E821C40D54C0031B970 /* MovieCell.swift */,
			);
			name = Views;
			sourceTree = "<group>";
		};
		A7C80E841C40D55A0031B970 /* View Controller */ = {
			isa = PBXGroup;
			children = (
				A73DA0EA1C3DF2910086B03A /* MoviesViewController.swift */,
			);
			name = "View Controller";
			sourceTree = "<group>";
		};
/* End PBXGroup section */

/* Begin PBXNativeTarget section */
		A73DA0D21C3DF2170086B03A /* MovieViewer */ = {
			isa = PBXNativeTarget;
			buildConfigurationList = A73DA0E51C3DF2170086B03A /* Build configuration list for PBXNativeTarget "MovieViewer" */;
			buildPhases = (
				F537D5E27EEE3C39E775A84D /* Check Pods Manifest.lock */,
				A73DA0CF1C3DF2170086B03A /* Sources */,
				A73DA0D01C3DF2170086B03A /* Frameworks */,
				A73DA0D11C3DF2170086B03A /* Resources */,
				B389D8D51ED9099315235B8E /* Embed Pods Frameworks */,
				ECD36C13BCB3635CE3DC32BB /* Copy Pods Resources */,
			);
			buildRules = (
			);
			dependencies = (
			);
			name = MovieViewer;
			productName = MovieViewer;
			productReference = A73DA0D31C3DF2170086B03A /* MovieViewer.app */;
			productType = "com.apple.product-type.application";
		};
/* End PBXNativeTarget section */

/* Begin PBXProject section */
		A73DA0CB1C3DF2170086B03A /* Project object */ = {
			isa = PBXProject;
			attributes = {
				LastSwiftUpdateCheck = 0720;
				LastUpgradeCheck = 0720;
				ORGANIZATIONNAME = "Sanaya Sanghvi";
				TargetAttributes = {
					A73DA0D21C3DF2170086B03A = {
						CreatedOnToolsVersion = 7.2;
					};
				};
			};
			buildConfigurationList = A73DA0CE1C3DF2170086B03A /* Build configuration list for PBXProject "MovieViewer" */;
			compatibilityVersion = "Xcode 3.2";
			developmentRegion = English;
			hasScannedForEncodings = 0;
			knownRegions = (
				en,
				Base,
			);
			mainGroup = A73DA0CA1C3DF2170086B03A;
			productRefGroup = A73DA0D41C3DF2170086B03A /* Products */;
			projectDirPath = "";
			projectRoot = "";
			targets = (
				A73DA0D21C3DF2170086B03A /* MovieViewer */,
			);
		};
/* End PBXProject section */

/* Begin PBXResourcesBuildPhase section */
		A73DA0D11C3DF2170086B03A /* Resources */ = {
			isa = PBXResourcesBuildPhase;
			buildActionMask = 2147483647;
			files = (
				A73DA0E11C3DF2170086B03A /* LaunchScreen.storyboard in Resources */,
				A73DA0DE1C3DF2170086B03A /* Assets.xcassets in Resources */,
				A73DA0DC1C3DF2170086B03A /* Main.storyboard in Resources */,
			);
			runOnlyForDeploymentPostprocessing = 0;
		};
/* End PBXResourcesBuildPhase section */

/* Begin PBXShellScriptBuildPhase section */
		B389D8D51ED9099315235B8E /* Embed Pods Frameworks */ = {
			isa = PBXShellScriptBuildPhase;
			buildActionMask = 2147483647;
			files = (
			);
			inputPaths = (
			);
			name = "Embed Pods Frameworks";
			outputPaths = (
			);
			runOnlyForDeploymentPostprocessing = 0;
			shellPath = /bin/sh;
			shellScript = "\"${SRCROOT}/Pods/Target Support Files/Pods-MovieViewer/Pods-MovieViewer-frameworks.sh\"\n";
			showEnvVarsInLog = 0;
		};
		ECD36C13BCB3635CE3DC32BB /* Copy Pods Resources */ = {
			isa = PBXShellScriptBuildPhase;
			buildActionMask = 2147483647;
			files = (
			);
			inputPaths = (
			);
			name = "Copy Pods Resources";
			outputPaths = (
			);
			runOnlyForDeploymentPostprocessing = 0;
			shellPath = /bin/sh;
			shellScript = "\"${SRCROOT}/Pods/Target Support Files/Pods-MovieViewer/Pods-MovieViewer-resources.sh\"\n";
			showEnvVarsInLog = 0;
		};
		F537D5E27EEE3C39E775A84D /* Check Pods Manifest.lock */ = {
			isa = PBXShellScriptBuildPhase;
			buildActionMask = 2147483647;
			files = (
			);
			inputPaths = (
			);
			name = "Check Pods Manifest.lock";
			outputPaths = (
			);
			runOnlyForDeploymentPostprocessing = 0;
			shellPath = /bin/sh;
			shellScript = "diff \"${PODS_ROOT}/../Podfile.lock\" \"${PODS_ROOT}/Manifest.lock\" > /dev/null\nif [[ $? != 0 ]] ; then\n    cat << EOM\nerror: The sandbox is not in sync with the Podfile.lock. Run 'pod install' or update your CocoaPods installation.\nEOM\n    exit 1\nfi\n";
			showEnvVarsInLog = 0;
		};
/* End PBXShellScriptBuildPhase section */

/* Begin PBXSourcesBuildPhase section */
		A73DA0CF1C3DF2170086B03A /* Sources */ = {
			isa = PBXSourcesBuildPhase;
			buildActionMask = 2147483647;
			files = (
				A73DA0D71C3DF2170086B03A /* AppDelegate.swift in Sources */,
				A73DA0EB1C3DF2910086B03A /* MoviesViewController.swift in Sources */,
				A7C80E831C40D54C0031B970 /* MovieCell.swift in Sources */,
			);
			runOnlyForDeploymentPostprocessing = 0;
		};
/* End PBXSourcesBuildPhase section */

/* Begin PBXVariantGroup section */
		A73DA0DA1C3DF2170086B03A /* Main.storyboard */ = {
			isa = PBXVariantGroup;
			children = (
				A73DA0DB1C3DF2170086B03A /* Base */,
			);
			name = Main.storyboard;
			sourceTree = "<group>";
		};
		A73DA0DF1C3DF2170086B03A /* LaunchScreen.storyboard */ = {
			isa = PBXVariantGroup;
			children = (
				A73DA0E01C3DF2170086B03A /* Base */,
			);
			name = LaunchScreen.storyboard;
			sourceTree = "<group>";
		};
/* End PBXVariantGroup section */

/* Begin XCBuildConfiguration section */
		A73DA0E31C3DF2170086B03A /* Debug */ = {
			isa = XCBuildConfiguration;
			buildSettings = {
				ALWAYS_SEARCH_USER_PATHS = NO;
				CLANG_CXX_LANGUAGE_STANDARD = "gnu++0x";
				CLANG_CXX_LIBRARY = "libc++";
				CLANG_ENABLE_MODULES = YES;
				CLANG_ENABLE_OBJC_ARC = YES;
				CLANG_WARN_BOOL_CONVERSION = YES;
				CLANG_WARN_CONSTANT_CONVERSION = YES;
				CLANG_WARN_DIRECT_OBJC_ISA_USAGE = YES_ERROR;
				CLANG_WARN_EMPTY_BODY = YES;
				CLANG_WARN_ENUM_CONVERSION = YES;
				CLANG_WARN_INT_CONVERSION = YES;
				CLANG_WARN_OBJC_ROOT_CLASS = YES_ERROR;
				CLANG_WARN_UNREACHABLE_CODE = YES;
				CLANG_WARN__DUPLICATE_METHOD_MATCH = YES;
				"CODE_SIGN_IDENTITY[sdk=iphoneos*]" = "iPhone Developer";
				COPY_PHASE_STRIP = NO;
				DEBUG_INFORMATION_FORMAT = dwarf;
				ENABLE_STRICT_OBJC_MSGSEND = YES;
				ENABLE_TESTABILITY = YES;
				GCC_C_LANGUAGE_STANDARD = gnu99;
				GCC_DYNAMIC_NO_PIC = NO;
				GCC_NO_COMMON_BLOCKS = YES;
				GCC_OPTIMIZATION_LEVEL = 0;
				GCC_PREPROCESSOR_DEFINITIONS = (
					"DEBUG=1",
					"$(inherited)",
				);
				GCC_WARN_64_TO_32_BIT_CONVERSION = YES;
				GCC_WARN_ABOUT_RETURN_TYPE = YES_ERROR;
				GCC_WARN_UNDECLARED_SELECTOR = YES;
				GCC_WARN_UNINITIALIZED_AUTOS = YES_AGGRESSIVE;
				GCC_WARN_UNUSED_FUNCTION = YES;
				GCC_WARN_UNUSED_VARIABLE = YES;
				IPHONEOS_DEPLOYMENT_TARGET = 9.2;
				MTL_ENABLE_DEBUG_INFO = YES;
				ONLY_ACTIVE_ARCH = YES;
				SDKROOT = iphoneos;
				SWIFT_OPTIMIZATION_LEVEL = "-Onone";
			};
			name = Debug;
		};
		A73DA0E41C3DF2170086B03A /* Release */ = {
			isa = XCBuildConfiguration;
			buildSettings = {
				ALWAYS_SEARCH_USER_PATHS = NO;
				CLANG_CXX_LANGUAGE_STANDARD = "gnu++0x";
				CLANG_CXX_LIBRARY = "libc++";
				CLANG_ENABLE_MODULES = YES;
				CLANG_ENABLE_OBJC_ARC = YES;
				CLANG_WARN_BOOL_CONVERSION = YES;
				CLANG_WARN_CONSTANT_CONVERSION = YES;
				CLANG_WARN_DIRECT_OBJC_ISA_USAGE = YES_ERROR;
				CLANG_WARN_EMPTY_BODY = YES;
				CLANG_WARN_ENUM_CONVERSION = YES;
				CLANG_WARN_INT_CONVERSION = YES;
				CLANG_WARN_OBJC_ROOT_CLASS = YES_ERROR;
				CLANG_WARN_UNREACHABLE_CODE = YES;
				CLANG_WARN__DUPLICATE_METHOD_MATCH = YES;
				"CODE_SIGN_IDENTITY[sdk=iphoneos*]" = "iPhone Developer";
				COPY_PHASE_STRIP = NO;
				DEBUG_INFORMATION_FORMAT = "dwarf-with-dsym";
				ENABLE_NS_ASSERTIONS = NO;
				ENABLE_STRICT_OBJC_MSGSEND = YES;
				GCC_C_LANGUAGE_STANDARD = gnu99;
				GCC_NO_COMMON_BLOCKS = YES;
				GCC_WARN_64_TO_32_BIT_CONVERSION = YES;
				GCC_WARN_ABOUT_RETURN_TYPE = YES_ERROR;
				GCC_WARN_UNDECLARED_SELECTOR = YES;
				GCC_WARN_UNINITIALIZED_AUTOS = YES_AGGRESSIVE;
				GCC_WARN_UNUSED_FUNCTION = YES;
				GCC_WARN_UNUSED_VARIABLE = YES;
				IPHONEOS_DEPLOYMENT_TARGET = 9.2;
				MTL_ENABLE_DEBUG_INFO = NO;
				SDKROOT = iphoneos;
				VALIDATE_PRODUCT = YES;
			};
			name = Release;
		};
		A73DA0E61C3DF2170086B03A /* Debug */ = {
			isa = XCBuildConfiguration;
			baseConfigurationReference = 2F839CD6C5BF0AE02A427E0B /* Pods-MovieViewer.debug.xcconfig */;
			buildSettings = {
				ASSETCATALOG_COMPILER_APPICON_NAME = AppIcon;
				INFOPLIST_FILE = MovieViewer/Info.plist;
				LD_RUNPATH_SEARCH_PATHS = "$(inherited) @executable_path/Frameworks";
				PRODUCT_BUNDLE_IDENTIFIER = Codepath.MovieViewer;
				PRODUCT_NAME = "$(TARGET_NAME)";
			};
			name = Debug;
		};
		A73DA0E71C3DF2170086B03A /* Release */ = {
			isa = XCBuildConfiguration;
			baseConfigurationReference = 714B35B1F838F2AE759A60F0 /* Pods-MovieViewer.release.xcconfig */;
			buildSettings = {
				ASSETCATALOG_COMPILER_APPICON_NAME = AppIcon;
				INFOPLIST_FILE = MovieViewer/Info.plist;
				LD_RUNPATH_SEARCH_PATHS = "$(inherited) @executable_path/Frameworks";
				PRODUCT_BUNDLE_IDENTIFIER = Codepath.MovieViewer;
				PRODUCT_NAME = "$(TARGET_NAME)";
			};
			name = Release;
		};
/* End XCBuildConfiguration section */

/* Begin XCConfigurationList section */
		A73DA0CE1C3DF2170086B03A /* Build configuration list for PBXProject "MovieViewer" */ = {
			isa = XCConfigurationList;
			buildConfigurations = (
				A73DA0E31C3DF2170086B03A /* Debug */,
				A73DA0E41C3DF2170086B03A /* Release */,
			);
			defaultConfigurationIsVisible = 0;
			defaultConfigurationName = Release;
		};
		A73DA0E51C3DF2170086B03A /* Build configuration list for PBXNativeTarget "MovieViewer" */ = {
			isa = XCConfigurationList;
			buildConfigurations = (
				A73DA0E61C3DF2170086B03A /* Debug */,
				A73DA0E71C3DF2170086B03A /* Release */,
			);
			defaultConfigurationIsVisible = 0;
			defaultConfigurationName = Release;
		};
/* End XCConfigurationList section */
	};
	rootObject = A73DA0CB1C3DF2170086B03A /* Project object */;
}
